
Microsoft Visual Studio Solution File, Format Version 12.00
# Visual Studio 15
VisualStudioVersion = 15.0.28307.1684
MinimumVisualStudioVersion = 10.0.40219.1
Project("{FAE04EC0-301F-11D3-BF4B-00C04F79EFBC}") = "seatsCalculate", "seatsCalculate\seatsCalculate.csproj", "{720DCB68-DE3B-4A65-B136-00E8C5796B27}"
EndProject
Global
	GlobalSection(SolutionConfigurationPlatforms) = preSolution
		Debug|Any CPU = Debug|Any CPU
		Release|Any CPU = Release|Any CPU
	EndGlobalSection
	GlobalSection(ProjectConfigurationPlatforms) = postSolution
		{720DCB68-DE3B-4A65-B136-00E8C5796B27}.Debug|Any CPU.ActiveCfg = Debug|Any CPU
		{720DCB68-DE3B-4A65-B136-00E8C5796B27}.Debug|Any CPU.Build.0 = Debug|Any CPU
		{720DCB68-DE3B-4A65-B136-00E8C5796B27}.Release|Any CPU.ActiveCfg = Release|Any CPU
		{720DCB68-DE3B-4A65-B136-00E8C5796B27}.Release|Any CPU.Build.0 = Release|Any CPU
	EndGlobalSection
	GlobalSection(SolutionProperties) = preSolution
		HideSolutionNode = FALSE
	EndGlobalSection
	GlobalSection(ExtensibilityGlobals) = postSolution
		SolutionGuid = {0DFFEB24-C9D0-4F25-97B0-3CA31FB43D1A}
	EndGlobalSection
EndGlobal
